<?xml version="1.0" encoding="UTF-8"?>
<CodeBlocks_project_file>
	<FileVersion major="1" minor="6"/>
	<Project>
		<Option title="buchi_fsm"/>
		<Option makefile_is_custom="1"/>
		<Option compiler="gcc"/>
		<Option virtualFolders="CMake Files\;"/>
		<Build>
			<Target title="all">
				<Option working_dir="/home/kolek/Edu_ISPRAS/formal_verification/buchi_fsm"/>
				<Option type="4"/>
				<MakeCommands>
					<Build command="/usr/bin/make -f &quot;/home/kolek/Edu_ISPRAS/formal_verification/buchi_fsm/Makefile&quot;  VERBOSE=1 all"/>
					<CompileFile command="/usr/bin/make -f &quot;/home/kolek/Edu_ISPRAS/formal_verification/buchi_fsm/Makefile&quot;  VERBOSE=1 &quot;$file&quot;"/>
					<Clean command="/usr/bin/make -f &quot;/home/kolek/Edu_ISPRAS/formal_verification/buchi_fsm/Makefile&quot;  VERBOSE=1 clean"/>
					<DistClean command="/usr/bin/make -f &quot;/home/kolek/Edu_ISPRAS/formal_verification/buchi_fsm/Makefile&quot;  VERBOSE=1 clean"/>
				</MakeCommands>
			</Target>
			<Target title="edit_cache">
				<Option working_dir="/home/kolek/Edu_ISPRAS/formal_verification/buchi_fsm"/>
				<Option type="4"/>
				<MakeCommands>
					<Build command="/usr/bin/make -f &quot;/home/kolek/Edu_ISPRAS/formal_verification/buchi_fsm/Makefile&quot;  VERBOSE=1 edit_cache"/>
					<CompileFile command="/usr/bin/make -f &quot;/home/kolek/Edu_ISPRAS/formal_verification/buchi_fsm/Makefile&quot;  VERBOSE=1 &quot;$file&quot;"/>
					<Clean command="/usr/bin/make -f &quot;/home/kolek/Edu_ISPRAS/formal_verification/buchi_fsm/Makefile&quot;  VERBOSE=1 clean"/>
					<DistClean command="/usr/bin/make -f &quot;/home/kolek/Edu_ISPRAS/formal_verification/buchi_fsm/Makefile&quot;  VERBOSE=1 clean"/>
				</MakeCommands>
			</Target>
			<Target title="rebuild_cache">
				<Option working_dir="/home/kolek/Edu_ISPRAS/formal_verification/buchi_fsm"/>
				<Option type="4"/>
				<MakeCommands>
					<Build command="/usr/bin/make -f &quot;/home/kolek/Edu_ISPRAS/formal_verification/buchi_fsm/Makefile&quot;  VERBOSE=1 rebuild_cache"/>
					<CompileFile command="/usr/bin/make -f &quot;/home/kolek/Edu_ISPRAS/formal_verification/buchi_fsm/Makefile&quot;  VERBOSE=1 &quot;$file&quot;"/>
					<Clean command="/usr/bin/make -f &quot;/home/kolek/Edu_ISPRAS/formal_verification/buchi_fsm/Makefile&quot;  VERBOSE=1 clean"/>
					<DistClean command="/usr/bin/make -f &quot;/home/kolek/Edu_ISPRAS/formal_verification/buchi_fsm/Makefile&quot;  VERBOSE=1 clean"/>
				</MakeCommands>
			</Target>
			<Target title="buchi">
				<Option output="/home/kolek/Edu_ISPRAS/formal_verification/buchi_fsm/buchi" prefix_auto="0" extension_auto="0"/>
				<Option working_dir="/home/kolek/Edu_ISPRAS/formal_verification/buchi_fsm"/>
				<Option object_output="./"/>
				<Option type="1"/>
				<Option compiler="gcc"/>
				<Compiler>
					<Add directory="/home/kolek/Edu_ISPRAS/formal_verification/buchi_fsm/include"/>
				</Compiler>
				<MakeCommands>
					<Build command="/usr/bin/make -f &quot;/home/kolek/Edu_ISPRAS/formal_verification/buchi_fsm/Makefile&quot;  VERBOSE=1 buchi"/>
					<CompileFile command="/usr/bin/make -f &quot;/home/kolek/Edu_ISPRAS/formal_verification/buchi_fsm/Makefile&quot;  VERBOSE=1 &quot;$file&quot;"/>
					<Clean command="/usr/bin/make -f &quot;/home/kolek/Edu_ISPRAS/formal_verification/buchi_fsm/Makefile&quot;  VERBOSE=1 clean"/>
					<DistClean command="/usr/bin/make -f &quot;/home/kolek/Edu_ISPRAS/formal_verification/buchi_fsm/Makefile&quot;  VERBOSE=1 clean"/>
				</MakeCommands>
			</Target>
			<Target title="buchi/fast">
				<Option output="/home/kolek/Edu_ISPRAS/formal_verification/buchi_fsm/buchi" prefix_auto="0" extension_auto="0"/>
				<Option working_dir="/home/kolek/Edu_ISPRAS/formal_verification/buchi_fsm"/>
				<Option object_output="./"/>
				<Option type="1"/>
				<Option compiler="gcc"/>
				<Compiler>
					<Add directory="/home/kolek/Edu_ISPRAS/formal_verification/buchi_fsm/include"/>
				</Compiler>
				<MakeCommands>
					<Build command="/usr/bin/make -f &quot;/home/kolek/Edu_ISPRAS/formal_verification/buchi_fsm/Makefile&quot;  VERBOSE=1 buchi/fast"/>
					<CompileFile command="/usr/bin/make -f &quot;/home/kolek/Edu_ISPRAS/formal_verification/buchi_fsm/Makefile&quot;  VERBOSE=1 &quot;$file&quot;"/>
					<Clean command="/usr/bin/make -f &quot;/home/kolek/Edu_ISPRAS/formal_verification/buchi_fsm/Makefile&quot;  VERBOSE=1 clean"/>
					<DistClean command="/usr/bin/make -f &quot;/home/kolek/Edu_ISPRAS/formal_verification/buchi_fsm/Makefile&quot;  VERBOSE=1 clean"/>
				</MakeCommands>
			</Target>
		</Build>
		<Unit filename="/home/kolek/Edu_ISPRAS/formal_verification/buchi_fsm/src/BuchiCreator.cpp">
			<Option target="buchi"/>
		</Unit>
		<Unit filename="/home/kolek/Edu_ISPRAS/formal_verification/buchi_fsm/src/fsm.cpp">
			<Option target="buchi"/>
		</Unit>
		<Unit filename="/home/kolek/Edu_ISPRAS/formal_verification/buchi_fsm/src/ltl.cpp">
			<Option target="buchi"/>
		</Unit>
		<Unit filename="/home/kolek/Edu_ISPRAS/formal_verification/buchi_fsm/src/main.cpp">
			<Option target="buchi"/>
		</Unit>
		<Unit filename="/home/kolek/Edu_ISPRAS/formal_verification/buchi_fsm/CMakeLists.txt">
			<Option virtualFolder="CMake Files\"/>
		</Unit>
	</Project>
</CodeBlocks_project_file>
